{
  "name": "@alien.sh/core-plugins",
  "version": "1.0.0",
  "lockfileVersion": 1,
  "requires": true,
  "dependencies": {
    "@alien.sh/alien-prompt": {
      "version": "1.0.0",
      "resolved": "https://registry.npmjs.org/@alien.sh/alien-prompt/-/alien-prompt-1.0.0.tgz",
      "integrity": "sha512-R4pUdTslqQugqtfSvt25094WX0MBXxw7n/uwZJO63dWvAq6+onVUspFTQdcZ42IIL97XeBKZ/dcYfpf+jn9A/w==",
      "requires": {
        "chalk": "^3.0.0"
      }
    },
    "@alien.sh/banner": {
      "version": "1.0.0",
      "resolved": "https://registry.npmjs.org/@alien.sh/banner/-/banner-1.0.0.tgz",
      "integrity": "sha512-t3D/XcUDGEb0jlxmKKeJAGaiPCKrXNArXEvoh3gd+YxQ0IT9zjWsLEjMqGie+Gmsh+Jtf8cjdGvmWEzawl5edg==",
      "requires": {
        "chalk": "^3.0.0"
      }
    },
    "@alien.sh/highlight": {
      "version": "1.0.0",
      "resolved": "https://registry.npmjs.org/@alien.sh/highlight/-/highlight-1.0.0.tgz",
      "integrity": "sha512-i4rIoKuj8BCBzrFS1X38+rN2oSIHQjGiLc8CEcpQ0iCT/NOlvSGUBIwCAE+gYtg/JR2uk1ZJ3JBhT6I0y4e8sw==",
      "requires": {
        "chalk": "^3.0.0"
      }
    },
    "@alien.sh/paren-tools": {
      "version": "1.0.0",
      "resolved": "https://registry.npmjs.org/@alien.sh/paren-tools/-/paren-tools-1.0.0.tgz",
      "integrity": "sha512-u30rKIp10ho17g6MeVDFGn8iJWGAcJfvIddsnBvuo9SIvPqQVbZcI/f3lfUK+ZkeYGMJg5tB4HVmXalaQdmmbA=="
    },
    "@alien.sh/status-bar": {
      "version": "1.0.0",
      "resolved": "https://registry.npmjs.org/@alien.sh/status-bar/-/status-bar-1.0.0.tgz",
      "integrity": "sha512-5GwkVowBahfwGlUdLmuZ1C4nuIW19FfY5rk+dUyCpg7CC2pSl37KEVE6C+/fkZTAWJYAkIONs9e4yk0eLZeF3A==",
      "requires": {
        "chalk": "^3.0.0"
      }
    },
    "@alien.sh/tab-completion": {
      "version": "1.0.0",
      "resolved": "https://registry.npmjs.org/@alien.sh/tab-completion/-/tab-completion-1.0.0.tgz",
      "integrity": "sha512-Bdf+BxJpXc7rJtsfdYDUEZiWas+V00vsmGygY1z41La6ntN+gUGbTvAeb/gIF6PfmAv46s8clXFiJtu/YV6FMg==",
      "requires": {
        "chalk": "^3.0.0"
      }
    },
    "@types/color-name": {
      "version": "1.1.1",
      "resolved": "https://registry.npmjs.org/@types/color-name/-/color-name-1.1.1.tgz",
      "integrity": "sha512-rr+OQyAjxze7GgWrSaJwydHStIhHq2lvY3BOC2Mj7KnzI7XK0Uw1TOOdI9lDoajEbSWLiYgoo4f1R51erQfhPQ=="
    },
    "ansi-styles": {
      "version": "4.2.1",
      "resolved": "https://registry.npmjs.org/ansi-styles/-/ansi-styles-4.2.1.tgz",
      "integrity": "sha512-9VGjrMsG1vePxcSweQsN20KY/c4zN0h9fLjqAbwbPfahM3t+NL+M9HC8xeXG2I8pX5NoamTGNuomEUFI7fcUjA==",
      "requires": {
        "@types/color-name": "^1.1.1",
        "color-convert": "^2.0.1"
      }
    },
    "chalk": {
      "version": "3.0.0",
      "resolved": "https://registry.npmjs.org/chalk/-/chalk-3.0.0.tgz",
      "integrity": "sha512-4D3B6Wf41KOYRFdszmDqMCGq5VV/uMAB273JILmO+3jAlh8X4qDtdtgCR3fxtbLEMzSx22QdhnDcJvu2u1fVwg==",
      "requires": {
        "ansi-styles": "^4.1.0",
        "supports-color": "^7.1.0"
      }
    },
    "color-convert": {
      "version": "2.0.1",
      "resolved": "https://registry.npmjs.org/color-convert/-/color-convert-2.0.1.tgz",
      "integrity": "sha512-RRECPsj7iu/xb5oKYcsFHSppFNnsj/52OVTRKb4zP5onXwVF3zVmmToNcOfGC+CRDpfK/U584fMg38ZHCaElKQ==",
      "requires": {
        "color-name": "~1.1.4"
      }
    },
    "color-name": {
      "version": "1.1.4",
      "resolved": "https://registry.npmjs.org/color-name/-/color-name-1.1.4.tgz",
      "integrity": "sha512-dOy+3AuW3a2wNbZHIuMZpTcgjGuLU/uBL/ubcZF9OXbDo8ff4O8yVp5Bf0efS8uEoYo5q4Fx7dY9OgQGXgAsQA=="
    },
    "has-flag": {
      "version": "4.0.0",
      "resolved": "https://registry.npmjs.org/has-flag/-/has-flag-4.0.0.tgz",
      "integrity": "sha512-EykJT/Q1KjTWctppgIAgfSO0tKVuZUjhgMr17kqTumMl6Afv3EISleU7qZUzoXDFTAHTDC4NOoG/ZxU3EvlMPQ=="
    },
    "supports-color": {
      "version": "7.1.0",
      "resolved": "https://registry.npmjs.org/supports-color/-/supports-color-7.1.0.tgz",
      "integrity": "sha512-oRSIpR8pxT1Wr2FquTNnGet79b3BWljqOuoW/h4oBhxJ/HUbX5nX6JSruTkvXDCFMwDPvsaTTbvMLKZWSy0R5g==",
      "requires": {
        "has-flag": "^4.0.0"
      }
    }
  }
}
